
Microsoft Visual Studio Solution File, Format Version 12.00
# Visual Studio Version 17
VisualStudioVersion = 17.13.35931.197
MinimumVisualStudioVersion = 10.0.40219.1
Project("{FAE04EC0-301F-11D3-BF4B-00C04F79EFBC}") = "TPL4", "TPL4\TPL4.csproj", "{003516C1-AC4A-4FE3-9E28-543683EE02A5}"
EndProject
Project("{FAE04EC0-301F-11D3-BF4B-00C04F79EFBC}") = "TPL4.test", "TPL4.test\TPL4.test.csproj", "{33C70AE1-2792-4A84-8DAD-F4EE1E35DBC8}"
EndProject
Global
	GlobalSection(SolutionConfigurationPlatforms) = preSolution
		Debug|Any CPU = Debug|Any CPU
		Release|Any CPU = Release|Any CPU
	EndGlobalSection
	GlobalSection(ProjectConfigurationPlatforms) = postSolution
		{003516C1-AC4A-4FE3-9E28-543683EE02A5}.Debug|Any CPU.ActiveCfg = Debug|Any CPU
		{003516C1-AC4A-4FE3-9E28-543683EE02A5}.Debug|Any CPU.Build.0 = Debug|Any CPU
		{003516C1-AC4A-4FE3-9E28-543683EE02A5}.Release|Any CPU.ActiveCfg = Release|Any CPU
		{003516C1-AC4A-4FE3-9E28-543683EE02A5}.Release|Any CPU.Build.0 = Release|Any CPU
		{33C70AE1-2792-4A84-8DAD-F4EE1E35DBC8}.Debug|Any CPU.ActiveCfg = Debug|Any CPU
		{33C70AE1-2792-4A84-8DAD-F4EE1E35DBC8}.Debug|Any CPU.Build.0 = Debug|Any CPU
		{33C70AE1-2792-4A84-8DAD-F4EE1E35DBC8}.Release|Any CPU.ActiveCfg = Release|Any CPU
		{33C70AE1-2792-4A84-8DAD-F4EE1E35DBC8}.Release|Any CPU.Build.0 = Release|Any CPU
	EndGlobalSection
	GlobalSection(SolutionProperties) = preSolution
		HideSolutionNode = FALSE
	EndGlobalSection
	GlobalSection(ExtensibilityGlobals) = postSolution
		SolutionGuid = {077CEB04-982C-4DA4-80C1-3A7A9A9CD5CF}
	EndGlobalSection
EndGlobal
